
Microsoft Visual Studio Solution File, Format Version 12.00
# Visual Studio Version 17
VisualStudioVersion = 17.8.34330.188
MinimumVisualStudioVersion = 10.0.40219.1
Project("{9A19103F-16F7-4668-BE54-9A1E7A4F7556}") = "Sujiro.WebAPI", "Sujiro.WebAPI\Sujiro.WebAPI.csproj", "{C7941455-A054-4AE3-A616-200645240EA7}"
EndProject
Project("{9A19103F-16F7-4668-BE54-9A1E7A4F7556}") = "Sujiro.Data", "Sujiro.Data\Sujiro.Data.csproj", "{746E2CF5-AA54-419E-A7F2-59578BE403A1}"
EndProject
Project("{9A19103F-16F7-4668-BE54-9A1E7A4F7556}") = "OuDia", "OuDia\OuDia.csproj", "{75190EFE-FC2B-4EB0-8A7C-B0092B22A28A}"
EndProject
Project("{FAE04EC0-301F-11D3-BF4B-00C04F79EFBC}") = "Test.WebAPI", "Test.WebAPI\Test.WebAPI.csproj", "{89F85805-2D1A-45B5-85C4-6858B21CF1EF}"
EndProject
Global
	GlobalSection(SolutionConfigurationPlatforms) = preSolution
		Debug|Any CPU = Debug|Any CPU
		Release|Any CPU = Release|Any CPU
	EndGlobalSection
	GlobalSection(ProjectConfigurationPlatforms) = postSolution
		{C7941455-A054-4AE3-A616-200645240EA7}.Debug|Any CPU.ActiveCfg = Debug|Any CPU
		{C7941455-A054-4AE3-A616-200645240EA7}.Debug|Any CPU.Build.0 = Debug|Any CPU
		{C7941455-A054-4AE3-A616-200645240EA7}.Release|Any CPU.ActiveCfg = Release|Any CPU
		{C7941455-A054-4AE3-A616-200645240EA7}.Release|Any CPU.Build.0 = Release|Any CPU
		{746E2CF5-AA54-419E-A7F2-59578BE403A1}.Debug|Any CPU.ActiveCfg = Debug|Any CPU
		{746E2CF5-AA54-419E-A7F2-59578BE403A1}.Debug|Any CPU.Build.0 = Debug|Any CPU
		{746E2CF5-AA54-419E-A7F2-59578BE403A1}.Release|Any CPU.ActiveCfg = Release|Any CPU
		{746E2CF5-AA54-419E-A7F2-59578BE403A1}.Release|Any CPU.Build.0 = Release|Any CPU
		{75190EFE-FC2B-4EB0-8A7C-B0092B22A28A}.Debug|Any CPU.ActiveCfg = Debug|Any CPU
		{75190EFE-FC2B-4EB0-8A7C-B0092B22A28A}.Debug|Any CPU.Build.0 = Debug|Any CPU
		{75190EFE-FC2B-4EB0-8A7C-B0092B22A28A}.Release|Any CPU.ActiveCfg = Release|Any CPU
		{75190EFE-FC2B-4EB0-8A7C-B0092B22A28A}.Release|Any CPU.Build.0 = Release|Any CPU
		{89F85805-2D1A-45B5-85C4-6858B21CF1EF}.Debug|Any CPU.ActiveCfg = Debug|Any CPU
		{89F85805-2D1A-45B5-85C4-6858B21CF1EF}.Debug|Any CPU.Build.0 = Debug|Any CPU
		{89F85805-2D1A-45B5-85C4-6858B21CF1EF}.Release|Any CPU.ActiveCfg = Release|Any CPU
		{89F85805-2D1A-45B5-85C4-6858B21CF1EF}.Release|Any CPU.Build.0 = Release|Any CPU
	EndGlobalSection
	GlobalSection(SolutionProperties) = preSolution
		HideSolutionNode = FALSE
	EndGlobalSection
	GlobalSection(ExtensibilityGlobals) = postSolution
		SolutionGuid = {E6EA13F6-4F2A-4856-941F-F639BFDB7D0E}
	EndGlobalSection
EndGlobal
