
Microsoft Visual Studio Solution File, Format Version 12.00
# Visual Studio Version 17
VisualStudioVersion = 17.8.34330.188
MinimumVisualStudioVersion = 10.0.40219.1
Project("{FAE04EC0-301F-11D3-BF4B-00C04F79EFBC}") = "Sujiro.WebAPI", "Sujiro.WebAPI\Sujiro.WebAPI.csproj", "{C7941455-A054-4AE3-A616-200645240EA7}"
EndProject
Global
	GlobalSection(SolutionConfigurationPlatforms) = preSolution
		Debug|Any CPU = Debug|Any CPU
		Release|Any CPU = Release|Any CPU
	EndGlobalSection
	GlobalSection(ProjectConfigurationPlatforms) = postSolution
		{C7941455-A054-4AE3-A616-200645240EA7}.Debug|Any CPU.ActiveCfg = Debug|Any CPU
		{C7941455-A054-4AE3-A616-200645240EA7}.Debug|Any CPU.Build.0 = Debug|Any CPU
		{C7941455-A054-4AE3-A616-200645240EA7}.Release|Any CPU.ActiveCfg = Release|Any CPU
		{C7941455-A054-4AE3-A616-200645240EA7}.Release|Any CPU.Build.0 = Release|Any CPU
	EndGlobalSection
	GlobalSection(SolutionProperties) = preSolution
		HideSolutionNode = FALSE
	EndGlobalSection
	GlobalSection(ExtensibilityGlobals) = postSolution
		SolutionGuid = {E6EA13F6-4F2A-4856-941F-F639BFDB7D0E}
	EndGlobalSection
EndGlobal
